
Microsoft Visual Studio Solution File, Format Version 12.00
# Visual Studio Version 17
VisualStudioVersion = 17.0.31903.59
MinimumVisualStudioVersion = 10.0.40219.1
Project("{FAE04EC0-301F-11D3-BF4B-00C04F79EFBC}") = "ComponentLib", "ComponentLib\ComponentLib.csproj", "{34169017-EC14-4719-A31B-6DC782314BA1}"
EndProject
Project("{FAE04EC0-301F-11D3-BF4B-00C04F79EFBC}") = "ShopPilet", "ShopPilet\ShopPilet.csproj", "{778C4D87-E189-4AA1-9AE5-3EB26A31855F}"
EndProject
Project("{FAE04EC0-301F-11D3-BF4B-00C04F79EFBC}") = "LayoutPilet", "LayoutPilet\LayoutPilet.csproj", "{2C46B34A-0AF0-476D-9BE5-62E650BADB20}"
EndProject
Project("{FAE04EC0-301F-11D3-BF4B-00C04F79EFBC}") = "BlazorApp", "BlazorApp\BlazorApp.csproj", "{BD97B491-F1DD-4880-8A35-C0053AE6A1E1}"
EndProject
Global
	GlobalSection(SolutionConfigurationPlatforms) = preSolution
		Debug|Any CPU = Debug|Any CPU
		Release|Any CPU = Release|Any CPU
	EndGlobalSection
	GlobalSection(ProjectConfigurationPlatforms) = postSolution
		{34169017-EC14-4719-A31B-6DC782314BA1}.Debug|Any CPU.ActiveCfg = Debug|Any CPU
		{34169017-EC14-4719-A31B-6DC782314BA1}.Debug|Any CPU.Build.0 = Debug|Any CPU
		{34169017-EC14-4719-A31B-6DC782314BA1}.Release|Any CPU.ActiveCfg = Release|Any CPU
		{34169017-EC14-4719-A31B-6DC782314BA1}.Release|Any CPU.Build.0 = Release|Any CPU
		{778C4D87-E189-4AA1-9AE5-3EB26A31855F}.Debug|Any CPU.ActiveCfg = Debug|Any CPU
		{778C4D87-E189-4AA1-9AE5-3EB26A31855F}.Debug|Any CPU.Build.0 = Debug|Any CPU
		{778C4D87-E189-4AA1-9AE5-3EB26A31855F}.Release|Any CPU.ActiveCfg = Release|Any CPU
		{778C4D87-E189-4AA1-9AE5-3EB26A31855F}.Release|Any CPU.Build.0 = Release|Any CPU
		{2C46B34A-0AF0-476D-9BE5-62E650BADB20}.Debug|Any CPU.ActiveCfg = Debug|Any CPU
		{2C46B34A-0AF0-476D-9BE5-62E650BADB20}.Debug|Any CPU.Build.0 = Debug|Any CPU
		{2C46B34A-0AF0-476D-9BE5-62E650BADB20}.Release|Any CPU.ActiveCfg = Release|Any CPU
		{2C46B34A-0AF0-476D-9BE5-62E650BADB20}.Release|Any CPU.Build.0 = Release|Any CPU
		{BD97B491-F1DD-4880-8A35-C0053AE6A1E1}.Debug|Any CPU.ActiveCfg = Debug|Any CPU
		{BD97B491-F1DD-4880-8A35-C0053AE6A1E1}.Debug|Any CPU.Build.0 = Debug|Any CPU
		{BD97B491-F1DD-4880-8A35-C0053AE6A1E1}.Release|Any CPU.ActiveCfg = Release|Any CPU
		{BD97B491-F1DD-4880-8A35-C0053AE6A1E1}.Release|Any CPU.Build.0 = Release|Any CPU
	EndGlobalSection
	GlobalSection(SolutionProperties) = preSolution
		HideSolutionNode = FALSE
	EndGlobalSection
EndGlobal
